
Microsoft Visual Studio Solution File, Format Version 12.00
# Visual Studio Version 16
VisualStudioVersion = 16.0.32106.194
MinimumVisualStudioVersion = 10.0.40219.1
Project("{9A19103F-16F7-4668-BE54-9A1E7A4F7556}") = "Mission7_Books", "Mission7_Books.csproj", "{D6E64871-73B1-4EFA-92E8-3703ECE40291}"
EndProject
Global
	GlobalSection(SolutionConfigurationPlatforms) = preSolution
		Debug|Any CPU = Debug|Any CPU
		Release|Any CPU = Release|Any CPU
	EndGlobalSection
	GlobalSection(ProjectConfigurationPlatforms) = postSolution
		{D6E64871-73B1-4EFA-92E8-3703ECE40291}.Debug|Any CPU.ActiveCfg = Debug|Any CPU
		{D6E64871-73B1-4EFA-92E8-3703ECE40291}.Debug|Any CPU.Build.0 = Debug|Any CPU
		{D6E64871-73B1-4EFA-92E8-3703ECE40291}.Release|Any CPU.ActiveCfg = Release|Any CPU
		{D6E64871-73B1-4EFA-92E8-3703ECE40291}.Release|Any CPU.Build.0 = Release|Any CPU
	EndGlobalSection
	GlobalSection(SolutionProperties) = preSolution
		HideSolutionNode = FALSE
	EndGlobalSection
	GlobalSection(ExtensibilityGlobals) = postSolution
		SolutionGuid = {85183086-72A7-4F8C-9C18-3F68B2D50F69}
	EndGlobalSection
EndGlobal
